
Microsoft Visual Studio Solution File, Format Version 12.00
# Visual Studio 2012
Project("{FAE04EC0-301F-11D3-BF4B-00C04F79EFBC}") = "CShapePad", "CShapePad\CShapePad.csproj", "{B2247F7A-A5F8-45C4-822F-D444D51BDF93}"
EndProject
Global
	GlobalSection(SolutionConfigurationPlatforms) = preSolution
		Debug|Any CPU = Debug|Any CPU
		Release|Any CPU = Release|Any CPU
	EndGlobalSection
	GlobalSection(ProjectConfigurationPlatforms) = postSolution
		{B2247F7A-A5F8-45C4-822F-D444D51BDF93}.Debug|Any CPU.ActiveCfg = Debug|Any CPU
		{B2247F7A-A5F8-45C4-822F-D444D51BDF93}.Debug|Any CPU.Build.0 = Debug|Any CPU
		{B2247F7A-A5F8-45C4-822F-D444D51BDF93}.Release|Any CPU.ActiveCfg = Release|Any CPU
		{B2247F7A-A5F8-45C4-822F-D444D51BDF93}.Release|Any CPU.Build.0 = Release|Any CPU
	EndGlobalSection
	GlobalSection(SolutionProperties) = preSolution
		HideSolutionNode = FALSE
	EndGlobalSection
EndGlobal
